
Microsoft Visual Studio Solution File, Format Version 12.00
# Visual Studio Version 16
VisualStudioVersion = 16.0.31321.278
MinimumVisualStudioVersion = 10.0.40219.1
Project("{FAE04EC0-301F-11D3-BF4B-00C04F79EFBC}") = "OfficeMusic", "OfficeMusic.csproj", "{5372B770-7194-47EE-92BE-F6B2D102F3A2}"
EndProject
Global
	GlobalSection(SolutionConfigurationPlatforms) = preSolution
		Debug|Any CPU = Debug|Any CPU
		Release|Any CPU = Release|Any CPU
	EndGlobalSection
	GlobalSection(ProjectConfigurationPlatforms) = postSolution
		{5372B770-7194-47EE-92BE-F6B2D102F3A2}.Debug|Any CPU.ActiveCfg = Debug|Any CPU
		{5372B770-7194-47EE-92BE-F6B2D102F3A2}.Debug|Any CPU.Build.0 = Debug|Any CPU
		{5372B770-7194-47EE-92BE-F6B2D102F3A2}.Release|Any CPU.ActiveCfg = Release|Any CPU
		{5372B770-7194-47EE-92BE-F6B2D102F3A2}.Release|Any CPU.Build.0 = Release|Any CPU
	EndGlobalSection
	GlobalSection(SolutionProperties) = preSolution
		HideSolutionNode = FALSE
	EndGlobalSection
	GlobalSection(ExtensibilityGlobals) = postSolution
		SolutionGuid = {60B141D3-4BF9-4B0F-A950-2EF5B3D06C23}
	EndGlobalSection
EndGlobal
